
Microsoft Visual Studio Solution File, Format Version 12.00
# Visual Studio Version 16
VisualStudioVersion = 16.0.30804.86
MinimumVisualStudioVersion = 10.0.40219.1
Project("{FAE04EC0-301F-11D3-BF4B-00C04F79EFBC}") = "BtdAPI_Injector", "BtdAPI_Injector.csproj", "{A756ABD4-02EA-4695-802A-C834A583FE26}"
EndProject
Global
	GlobalSection(SolutionConfigurationPlatforms) = preSolution
		Debug|Any CPU = Debug|Any CPU
		Release|Any CPU = Release|Any CPU
	EndGlobalSection
	GlobalSection(ProjectConfigurationPlatforms) = postSolution
		{A756ABD4-02EA-4695-802A-C834A583FE26}.Debug|Any CPU.ActiveCfg = Debug|Any CPU
		{A756ABD4-02EA-4695-802A-C834A583FE26}.Debug|Any CPU.Build.0 = Debug|Any CPU
		{A756ABD4-02EA-4695-802A-C834A583FE26}.Release|Any CPU.ActiveCfg = Release|Any CPU
		{A756ABD4-02EA-4695-802A-C834A583FE26}.Release|Any CPU.Build.0 = Release|Any CPU
	EndGlobalSection
	GlobalSection(SolutionProperties) = preSolution
		HideSolutionNode = FALSE
	EndGlobalSection
	GlobalSection(ExtensibilityGlobals) = postSolution
		SolutionGuid = {68871545-6284-4FF0-9AA6-3C3B79991260}
	EndGlobalSection
EndGlobal
